
Microsoft Visual Studio Solution File, Format Version 12.00
# Visual Studio Version 16
VisualStudioVersion = 16.0.30503.244
MinimumVisualStudioVersion = 10.0.40219.1
Project("{FAE04EC0-301F-11D3-BF4B-00C04F79EFBC}") = "ConsoleApp2", "ConsoleApp2\ConsoleApp2.csproj", "{FC40309E-1390-4F40-A18F-8FB5CF36E0EE}"
EndProject
Global
	GlobalSection(SolutionConfigurationPlatforms) = preSolution
		Debug|Any CPU = Debug|Any CPU
		Release|Any CPU = Release|Any CPU
	EndGlobalSection
	GlobalSection(ProjectConfigurationPlatforms) = postSolution
		{FC40309E-1390-4F40-A18F-8FB5CF36E0EE}.Debug|Any CPU.ActiveCfg = Debug|Any CPU
		{FC40309E-1390-4F40-A18F-8FB5CF36E0EE}.Debug|Any CPU.Build.0 = Debug|Any CPU
		{FC40309E-1390-4F40-A18F-8FB5CF36E0EE}.Release|Any CPU.ActiveCfg = Release|Any CPU
		{FC40309E-1390-4F40-A18F-8FB5CF36E0EE}.Release|Any CPU.Build.0 = Release|Any CPU
	EndGlobalSection
	GlobalSection(SolutionProperties) = preSolution
		HideSolutionNode = FALSE
	EndGlobalSection
	GlobalSection(ExtensibilityGlobals) = postSolution
		SolutionGuid = {5DA05C96-1136-4EF7-890C-CF7A9217D4FF}
	EndGlobalSection
EndGlobal
